Microsoft Visual Studio Solution File, Format Version 12.00
# Visual Studio Version 17
VisualStudioVersion = 17.5.2.0
MinimumVisualStudioVersion = 10.0.40219.1
Project("{FAE04EC0-301F-11D3-BF4B-00C04F79EFBC}") = "KonusarakOgren.Api", "KonusarakOgren.Api\KonusarakOgren.Api.csproj", "{B1BC6CC9-E8C1-A1E7-C0EE-8CB969DE984E}"
EndProject
Global
	GlobalSection(SolutionConfigurationPlatforms) = preSolution
		Debug|Any CPU = Debug|Any CPU
		Release|Any CPU = Release|Any CPU
	EndGlobalSection
	GlobalSection(ProjectConfigurationPlatforms) = postSolution
		{B1BC6CC9-E8C1-A1E7-C0EE-8CB969DE984E}.Debug|Any CPU.ActiveCfg = Debug|Any CPU
		{B1BC6CC9-E8C1-A1E7-C0EE-8CB969DE984E}.Debug|Any CPU.Build.0 = Debug|Any CPU
		{B1BC6CC9-E8C1-A1E7-C0EE-8CB969DE984E}.Release|Any CPU.ActiveCfg = Release|Any CPU
		{B1BC6CC9-E8C1-A1E7-C0EE-8CB969DE984E}.Release|Any CPU.Build.0 = Release|Any CPU
	EndGlobalSection
	GlobalSection(SolutionProperties) = preSolution
		HideSolutionNode = FALSE
	EndGlobalSection
	GlobalSection(ExtensibilityGlobals) = postSolution
		SolutionGuid = {E0FD5D01-8FFE-4363-BD7D-3572465B7BE5}
	EndGlobalSection
EndGlobal
